{
  "name": "vehicle-lifecycle",
  "version": "0.0.2",
  "lockfileVersion": 1,
  "requires": true,
  "dependencies": {
    "vehicle-lifecycle-model": {
      "version": "0.1.2",
      "resolved": "https://registry.npmjs.org/vehicle-lifecycle-model/-/vehicle-lifecycle-model-0.1.2.tgz",
      "integrity": "sha1-vWSToEogQxuMuYrDZTT/13dQZN8="
    },
    "vehicle-lifecycle-network": {
      "version": "0.1.14",
      "resolved": "https://registry.npmjs.org/vehicle-lifecycle-network/-/vehicle-lifecycle-network-0.1.14.tgz",
      "integrity": "sha512-2JxOVhD7Mo4q9ncuKzp16wvuY1mS8Dui0OouhTfuQId/3TqTk6UxfQozHOsGMvkbfvWG3dt5jjcQhqoB/huJcQ==",
      "requires": {
        "vehicle-lifecycle-model": "0.1.2"
      }
    }
  }
}
